// !$*UTF8*$!
{
	archiveVersion = 1;
	classes = {
	};
	objectVersion = 50;
	objects = {

/* Begin PBXBuildFile section */
		3C72C74924EB64C1002BD8AE /* AppDelegate.swift in Sources */ = {isa = PBXBuildFile; fileRef = 3C72C74824EB64C1002BD8AE /* AppDelegate.swift */; };
		3C72C74B24EB64C1002BD8AE /* SceneDelegate.swift in Sources */ = {isa = PBXBuildFile; fileRef = 3C72C74A24EB64C1002BD8AE /* SceneDelegate.swift */; };
		3C72C74D24EB64C1002BD8AE /* ViewController.swift in Sources */ = {isa = PBXBuildFile; fileRef = 3C72C74C24EB64C1002BD8AE /* ViewController.swift */; };
		3C72C75024EB64C1002BD8AE /* Main.storyboard in Resources */ = {isa = PBXBuildFile; fileRef = 3C72C74E24EB64C1002BD8AE /* Main.storyboard */; };
		3C72C75224EB64C2002BD8AE /* Assets.xcassets in Resources */ = {isa = PBXBuildFile; fileRef = 3C72C75124EB64C2002BD8AE /* Assets.xcassets */; };
		3C72C75524EB64C2002BD8AE /* LaunchScreen.storyboard in Resources */ = {isa = PBXBuildFile; fileRef = 3C72C75324EB64C2002BD8AE /* LaunchScreen.storyboard */; };
/* End PBXBuildFile section */

/* Begin PBXFileReference section */
		3C72C74524EB64C1002BD8AE /* MeiTestApp.app */ = {isa = PBXFileReference; explicitFileType = wrapper.application; includeInIndex = 0; path = MeiTestApp.app; sourceTree = BUILT_PRODUCTS_DIR; };
		3C72C74824EB64C1002BD8AE /* AppDelegate.swift */ = {isa = PBXFileReference; lastKnownFileType = sourcecode.swift; path = AppDelegate.swift; sourceTree = "<group>"; };
		3C72C74A24EB64C1002BD8AE /* SceneDelegate.swift */ = {isa = PBXFileReference; lastKnownFileType = sourcecode.swift; path = SceneDelegate.swift; sourceTree = "<group>"; };
		3C72C74C24EB64C1002BD8AE /* ViewController.swift */ = {isa = PBXFileReference; lastKnownFileType = sourcecode.swift; path = ViewController.swift; sourceTree = "<group>"; };
		3C72C74F24EB64C1002BD8AE /* Base */ = {isa = PBXFileReference; lastKnownFileType = file.storyboard; name = Base; path = Base.lproj/Main.storyboard; sourceTree = "<group>"; };
		3C72C75124EB64C2002BD8AE /* Assets.xcassets */ = {isa = PBXFileReference; lastKnownFileType = folder.assetcatalog; path = Assets.xcassets; sourceTree = "<group>"; };
		3C72C75424EB64C2002BD8AE /* Base */ = {isa = PBXFileReference; lastKnownFileType = file.storyboard; name = Base; path = Base.lproj/LaunchScreen.storyboard; sourceTree = "<group>"; };
		3C72C75624EB64C2002BD8AE /* Info.plist */ = {isa = PBXFileReference; lastKnownFileType = text.plist.xml; path = Info.plist; sourceTree = "<group>"; };
/* End PBXFileReference section */

/* Begin PBXFrameworksBuildPhase section */
		3C72C74224EB64C1002BD8AE /* Frameworks */ = {
			isa = PBXFrameworksBuildPhase;
			buildActionMask = 2147483647;
			files = (
			);
			runOnlyForDeploymentPostprocessing = 0;
		};
/* End PBXFrameworksBuildPhase section */

/* Begin PBXGroup section */
		3C72C73C24EB64C1002BD8AE = {
			isa = PBXGroup;
			children = (
				3C72C74724EB64C1002BD8AE /* MeiTestApp */,
				3C72C74624EB64C1002BD8AE /* Products */,
			);
			sourceTree = "<group>";
		};
		3C72C74624EB64C1002BD8AE /* Products */ = {
			isa = PBXGroup;
			children = (
				3C72C74524EB64C1002BD8AE /* MeiTestApp.app */,
			);
			name = Products;
			sourceTree = "<group>";
		};
		3C72C74724EB64C1002BD8AE /* MeiTestApp */ = {
			isa = PBXGroup;
			children = (
				3C72C74824EB64C1002BD8AE /* AppDelegate.swift */,
				3C72C74A24EB64C1002BD8AE /* SceneDelegate.swift */,
				3C72C74C24EB64C1002BD8AE /* ViewController.swift */,
				3C72C74E24EB64C1002BD8AE /* Main.storyboard */,
				3C72C75124EB64C2002BD8AE /* Assets.xcassets */,
				3C72C75324EB64C2002BD8AE /* LaunchScreen.storyboard */,
				3C72C75624EB64C2002BD8AE /* Info.plist */,
			);
			path = MeiTestApp;
			sourceTree = "<group>";
		};
/* End PBXGroup section */

/* Begin PBXNativeTarget section */
		3C72C74424EB64C1002BD8AE /* MeiTestApp */ = {
			isa = PBXNativeTarget;
			buildConfigurationList = 3C72C75924EB64C2002BD8AE /* Build configuration list for PBXNativeTarget "MeiTestApp" */;
			buildPhases = (
				3C72C74124EB64C1002BD8AE /* Sources */,
				3C72C74224EB64C1002BD8AE /* Frameworks */,
				3C72C74324EB64C1002BD8AE /* Resources */,
			);
			buildRules = (
			);
			dependencies = (
			);
			name = MeiTestApp;
			productName = MeiTestApp;
			productReference = 3C72C74524EB64C1002BD8AE /* MeiTestApp.app */;
			productType = "com.apple.product-type.application";
		};
/* End PBXNativeTarget section */

/* Begin PBXProject section */
		3C72C73D24EB64C1002BD8AE /* Project object */ = {
			isa = PBXProject;
			attributes = {
				LastSwiftUpdateCheck = 1130;
				LastUpgradeCheck = 1130;
				ORGANIZATIONNAME = "Takahiro Kirifu";
				TargetAttributes = {
					3C72C74424EB64C1002BD8AE = {
						CreatedOnToolsVersion = 11.3.1;
					};
				};
			};
			buildConfigurationList = 3C72C74024EB64C1002BD8AE /* Build configuration list for PBXProject "MeiTestApp" */;
			compatibilityVersion = "Xcode 9.3";
			developmentRegion = en;
			hasScannedForEncodings = 0;
			knownRegions = (
				en,
				Base,
			);
			mainGroup = 3C72C73C24EB64C1002BD8AE;
			productRefGroup = 3C72C74624EB64C1002BD8AE /* Products */;
			projectDirPath = "";
			projectRoot = "";
			targets = (
				3C72C74424EB64C1002BD8AE /* MeiTestApp */,
			);
		};
/* End PBXProject section */

/* Begin PBXResourcesBuildPhase section */
		3C72C74324EB64C1002BD8AE /* Resources */ = {
			isa = PBXResourcesBuildPhase;
			buildActionMask = 2147483647;
			files = (
				3C72C75524EB64C2002BD8AE /* LaunchScreen.storyboard in Resources */,
				3C72C75224EB64C2002BD8AE /* Assets.xcassets in Resources */,
				3C72C75024EB64C1002BD8AE /* Main.storyboard in Resources */,
			);
			runOnlyForDeploymentPostprocessing = 0;
		};
/* End PBXResourcesBuildPhase section */

/* Begin PBXSourcesBuildPhase section */
		3C72C74124EB64C1002BD8AE /* Sources */ = {
			isa = PBXSourcesBuildPhase;
			buildActionMask = 2147483647;
			files = (
				3C72C74D24EB64C1002BD8AE /* ViewController.swift in Sources */,
				3C72C74924EB64C1002BD8AE /* AppDelegate.swift in Sources */,
				3C72C74B24EB64C1002BD8AE /* SceneDelegate.swift in Sources */,
			);
			runOnlyForDeploymentPostprocessing = 0;
		};
/* End PBXSourcesBuildPhase section */

/* Begin PBXVariantGroup section */
		3C72C74E24EB64C1002BD8AE /* Main.storyboard */ = {
			isa = PBXVariantGroup;
			children = (
				3C72C74F24EB64C1002BD8AE /* Base */,
			);
			name = Main.storyboard;
			sourceTree = "<group>";
		};
		3C72C75324EB64C2002BD8AE /* LaunchScreen.storyboard */ = {
			isa = PBXVariantGroup;
			children = (
				3C72C75424EB64C2002BD8AE /* Base */,
			);
			name = LaunchScreen.storyboard;
			sourceTree = "<group>";
		};
/* End PBXVariantGroup section */

/* Begin XCBuildConfiguration section */
		3C72C75724EB64C2002BD8AE /* Debug */ = {
			isa = XCBuildConfiguration;
			buildSettings = {
				ALWAYS_SEARCH_USER_PATHS = NO;
				CLANG_ANALYZER_NONNULL = YES;
				CLANG_ANALYZER_NUMBER_OBJECT_CONVERSION = YES_AGGRESSIVE;
				CLANG_CXX_LANGUAGE_STANDARD = "gnu++14";
				CLANG_CXX_LIBRARY = "libc++";
				CLANG_ENABLE_MODULES = YES;
				CLANG_ENABLE_OBJC_ARC = YES;
				CLANG_ENABLE_OBJC_WEAK = YES;
				CLANG_WARN_BLOCK_CAPTURE_AUTORELEASING = YES;
				CLANG_WARN_BOOL_CONVERSION = YES;
				CLANG_WARN_COMMA = YES;
				CLANG_WARN_CONSTANT_CONVERSION = YES;
				CLANG_WARN_DEPRECATED_OBJC_IMPLEMENTATIONS = YES;
				CLANG_WARN_DIRECT_OBJC_ISA_USAGE = YES_ERROR;
				CLANG_WARN_DOCUMENTATION_COMMENTS = YES;
				CLANG_WARN_EMPTY_BODY = YES;
				CLANG_WARN_ENUM_CONVERSION = YES;
				CLANG_WARN_INFINITE_RECURSION = YES;
				CLANG_WARN_INT_CONVERSION = YES;
				CLANG_WARN_NON_LITERAL_NULL_CONVERSION = YES;
				CLANG_WARN_OBJC_IMPLICIT_RETAIN_SELF = YES;
				CLANG_WARN_OBJC_LITERAL_CONVERSION = YES;
				CLANG_WARN_OBJC_ROOT_CLASS = YES_ERROR;
				CLANG_WARN_RANGE_LOOP_ANALYSIS = YES;
				CLANG_WARN_STRICT_PROTOTYPES = YES;
				CLANG_WARN_SUSPICIOUS_MOVE = YES;
				CLANG_WARN_UNGUARDED_AVAILABILITY = YES_AGGRESSIVE;
				CLANG_WARN_UNREACHABLE_CODE = YES;
				CLANG_WARN__DUPLICATE_METHOD_MATCH = YES;
				COPY_PHASE_STRIP = NO;
				DEBUG_INFORMATION_FORMAT = dwarf;
				ENABLE_STRICT_OBJC_MSGSEND = YES;
				ENABLE_TESTABILITY = YES;
				GCC_C_LANGUAGE_STANDARD = gnu11;
				GCC_DYNAMIC_NO_PIC = NO;
				GCC_NO_COMMON_BLOCKS = YES;
				GCC_OPTIMIZATION_LEVEL = 0;
				GCC_PREPROCESSOR_DEFINITIONS = (
					"DEBUG=1",
					"$(inherited)",
				);
				GCC_WARN_64_TO_32_BIT_CONVERSION = YES;
				GCC_WARN_ABOUT_RETURN_TYPE = YES_ERROR;
				GCC_WARN_UNDECLARED_SELECTOR = YES;
				GCC_WARN_UNINITIALIZED_AUTOS = YES_AGGRESSIVE;
				GCC_WARN_UNUSED_FUNCTION = YES;
				GCC_WARN_UNUSED_VARIABLE = YES;
				IPHONEOS_DEPLOYMENT_TARGET = 13.2;
				MTL_ENABLE_DEBUG_INFO = INCLUDE_SOURCE;
				MTL_FAST_MATH = YES;
				ONLY_ACTIVE_ARCH = YES;
				SDKROOT = iphoneos;
				SWIFT_ACTIVE_COMPILATION_CONDITIONS = DEBUG;
				SWIFT_OPTIMIZATION_LEVEL = "-Onone";
			};
			name = Debug;
		};
		3C72C75824EB64C2002BD8AE /* Release */ = {
			isa = XCBuildConfiguration;
			buildSettings = {
				ALWAYS_SEARCH_USER_PATHS = NO;
				CLANG_ANALYZER_NONNULL = YES;
				CLANG_ANALYZER_NUMBER_OBJECT_CONVERSION = YES_AGGRESSIVE;
				CLANG_CXX_LANGUAGE_STANDARD = "gnu++14";
				CLANG_CXX_LIBRARY = "libc++";
				CLANG_ENABLE_MODULES = YES;
				CLANG_ENABLE_OBJC_ARC = YES;
				CLANG_ENABLE_OBJC_WEAK = YES;
				CLANG_WARN_BLOCK_CAPTURE_AUTORELEASING = YES;
				CLANG_WARN_BOOL_CONVERSION = YES;
				CLANG_WARN_COMMA = YES;
				CLANG_WARN_CONSTANT_CONVERSION = YES;
				CLANG_WARN_DEPRECATED_OBJC_IMPLEMENTATIONS = YES;
				CLANG_WARN_DIRECT_OBJC_ISA_USAGE = YES_ERROR;
				CLANG_WARN_DOCUMENTATION_COMMENTS = YES;
				CLANG_WARN_EMPTY_BODY = YES;
				CLANG_WARN_ENUM_CONVERSION = YES;
				CLANG_WARN_INFINITE_RECURSION = YES;
				CLANG_WARN_INT_CONVERSION = YES;
				CLANG_WARN_NON_LITERAL_NULL_CONVERSION = YES;
				CLANG_WARN_OBJC_IMPLICIT_RETAIN_SELF = YES;
				CLANG_WARN_OBJC_LITERAL_CONVERSION = YES;
				CLANG_WARN_OBJC_ROOT_CLASS = YES_ERROR;
				CLANG_WARN_RANGE_LOOP_ANALYSIS = YES;
				CLANG_WARN_STRICT_PROTOTYPES = YES;
				CLANG_WARN_SUSPICIOUS_MOVE = YES;
				CLANG_WARN_UNGUARDED_AVAILABILITY = YES_AGGRESSIVE;
				CLANG_WARN_UNREACHABLE_CODE = YES;
				CLANG_WARN__DUPLICATE_METHOD_MATCH = YES;
				COPY_PHASE_STRIP = NO;
				DEBUG_INFORMATION_FORMAT = "dwarf-with-dsym";
				ENABLE_NS_ASSERTIONS = NO;
				ENABLE_STRICT_OBJC_MSGSEND = YES;
				GCC_C_LANGUAGE_STANDARD = gnu11;
				GCC_NO_COMMON_BLOCKS = YES;
				GCC_WARN_64_TO_32_BIT_CONVERSION = YES;
				GCC_WARN_ABOUT_RETURN_TYPE = YES_ERROR;
				GCC_WARN_UNDECLARED_SELECTOR = YES;
				GCC_WARN_UNINITIALIZED_AUTOS = YES_AGGRESSIVE;
				GCC_WARN_UNUSED_FUNCTION = YES;
				GCC_WARN_UNUSED_VARIABLE = YES;
				IPHONEOS_DEPLOYMENT_TARGET = 13.2;
				MTL_ENABLE_DEBUG_INFO = NO;
				MTL_FAST_MATH = YES;
				SDKROOT = iphoneos;
				SWIFT_COMPILATION_MODE = wholemodule;
				SWIFT_OPTIMIZATION_LEVEL = "-O";
				VALIDATE_PRODUCT = YES;
			};
			name = Release;
		};
		3C72C75A24EB64C2002BD8AE /* Debug */ = {
			isa = XCBuildConfiguration;
			buildSettings = {
				ASSETCATALOG_COMPILER_APPICON_NAME = AppIcon;
				CODE_SIGN_STYLE = Automatic;
				DEVELOPMENT_TEAM = HA3L6C6VRC;
				INFOPLIST_FILE = MeiTestApp/Info.plist;
				LD_RUNPATH_SEARCH_PATHS = (
					"$(inherited)",
					"@executable_path/Frameworks",
				);
				PRODUCT_BUNDLE_IDENTIFIER = work.kirifu.MeiTestApp;
				PRODUCT_NAME = "$(TARGET_NAME)";
				SWIFT_VERSION = 5.0;
				TARGETED_DEVICE_FAMILY = "1,2";
			};
			name = Debug;
		};
		3C72C75B24EB64C2002BD8AE /* Release */ = {
			isa = XCBuildConfiguration;
			buildSettings = {
				ASSETCATALOG_COMPILER_APPICON_NAME = AppIcon;
				CODE_SIGN_STYLE = Automatic;
				DEVELOPMENT_TEAM = HA3L6C6VRC;
				INFOPLIST_FILE = MeiTestApp/Info.plist;
				LD_RUNPATH_SEARCH_PATHS = (
					"$(inherited)",
					"@executable_path/Frameworks",
				);
				PRODUCT_BUNDLE_IDENTIFIER = work.kirifu.MeiTestApp;
				PRODUCT_NAME = "$(TARGET_NAME)";
				SWIFT_VERSION = 5.0;
				TARGETED_DEVICE_FAMILY = "1,2";
			};
			name = Release;
		};
/* End XCBuildConfiguration section */

/* Begin XCConfigurationList section */
		3C72C74024EB64C1002BD8AE /* Build configuration list for PBXProject "MeiTestApp" */ = {
			isa = XCConfigurationList;
			buildConfigurations = (
				3C72C75724EB64C2002BD8AE /* Debug */,
				3C72C75824EB64C2002BD8AE /* Release */,
			);
			defaultConfigurationIsVisible = 0;
			defaultConfigurationName = Release;
		};
		3C72C75924EB64C2002BD8AE /* Build configuration list for PBXNativeTarget "MeiTestApp" */ = {
			isa = XCConfigurationList;
			buildConfigurations = (
				3C72C75A24EB64C2002BD8AE /* Debug */,
				3C72C75B24EB64C2002BD8AE /* Release */,
			);
			defaultConfigurationIsVisible = 0;
			defaultConfigurationName = Release;
		};
/* End XCConfigurationList section */
	};
	rootObject = 3C72C73D24EB64C1002BD8AE /* Project object */;
}
